// !$*UTF8*$!
{
	archiveVersion = 1;
	classes = {
	};
	objectVersion = 55;
	objects = {

/* Begin PBXBuildFile section */
		CE0E398228BE32D8005185FD /* TextCubicMeters.swift in Sources */ = {isa = PBXBuildFile; fileRef = CE0E398128BE32D8005185FD /* TextCubicMeters.swift */; };
		CE202ECE299407A900C842DA /* RswiftLibrary in Frameworks */ = {isa = PBXBuildFile; productRef = CE202ECD299407A900C842DA /* RswiftLibrary */; };
		CE202ED42994092000C842DA /* Utils.swift in Sources */ = {isa = PBXBuildFile; fileRef = CE202ED32994092000C842DA /* Utils.swift */; };
		CE372D402907EB3900E80566 /* String.swift in Sources */ = {isa = PBXBuildFile; fileRef = CE372D3F2907EB3900E80566 /* String.swift */; };
		CE7BB22F28B7969900057913 /* SummationDataService.swift in Sources */ = {isa = PBXBuildFile; fileRef = CE7BB22E28B7969900057913 /* SummationDataService.swift */; };
		CE7BB23128B7A47700057913 /* CalculatorViewModel.swift in Sources */ = {isa = PBXBuildFile; fileRef = CE7BB23028B7A47700057913 /* CalculatorViewModel.swift */; };
		CE9F69B828BE189600EFA3C5 /* NumberValidatorState.swift in Sources */ = {isa = PBXBuildFile; fileRef = CE9F69B728BE189600EFA3C5 /* NumberValidatorState.swift */; };
		CE9F69BD28BE1CFF00EFA3C5 /* Localizable.strings in Resources */ = {isa = PBXBuildFile; fileRef = CE9F69BF28BE1CFF00EFA3C5 /* Localizable.strings */; };
		CE9F69C528BE207A00EFA3C5 /* NumberValidatorErrorView.swift in Sources */ = {isa = PBXBuildFile; fileRef = CE9F69C428BE207A00EFA3C5 /* NumberValidatorErrorView.swift */; };
		CE9F69C828BE2C7B00EFA3C5 /* Sequence+sum.swift in Sources */ = {isa = PBXBuildFile; fileRef = CE9F69C728BE2C7B00EFA3C5 /* Sequence+sum.swift */; };
		CE9F69CA28BE2CCB00EFA3C5 /* SummationsListView.swift in Sources */ = {isa = PBXBuildFile; fileRef = CE9F69C928BE2CCB00EFA3C5 /* SummationsListView.swift */; };
		CEDE1F6B28B688F8008DD78A /* Cubic_CalculatorApp.swift in Sources */ = {isa = PBXBuildFile; fileRef = CEDE1F6A28B688F8008DD78A /* Cubic_CalculatorApp.swift */; };
		CEDE1F6D28B688F8008DD78A /* CalculatorView.swift in Sources */ = {isa = PBXBuildFile; fileRef = CEDE1F6C28B688F8008DD78A /* CalculatorView.swift */; };
		CEDE1F6F28B688FA008DD78A /* Assets.xcassets in Resources */ = {isa = PBXBuildFile; fileRef = CEDE1F6E28B688FA008DD78A /* Assets.xcassets */; };
		CEDE1F8128B688FA008DD78A /* Cubic_CalculatorTests.swift in Sources */ = {isa = PBXBuildFile; fileRef = CEDE1F8028B688FA008DD78A /* Cubic_CalculatorTests.swift */; };
		CEDE1F8B28B688FA008DD78A /* Cubic_CalculatorUITests.swift in Sources */ = {isa = PBXBuildFile; fileRef = CEDE1F8A28B688FA008DD78A /* Cubic_CalculatorUITests.swift */; };
		CEDE1F8D28B688FA008DD78A /* Cubic_CalculatorUITestsLaunchTests.swift in Sources */ = {isa = PBXBuildFile; fileRef = CEDE1F8C28B688FA008DD78A /* Cubic_CalculatorUITestsLaunchTests.swift */; };
		CEDE1FA028B68A47008DD78A /* BasicTextField.swift in Sources */ = {isa = PBXBuildFile; fileRef = CEDE1F9F28B68A47008DD78A /* BasicTextField.swift */; };
		CEDE1FAC28B7577C008DD78A /* Summation.xcdatamodeld in Sources */ = {isa = PBXBuildFile; fileRef = CEDE1FAA28B7577C008DD78A /* Summation.xcdatamodeld */; };
/* End PBXBuildFile section */

/* Begin PBXContainerItemProxy section */
		CEDE1F7D28B688FA008DD78A /* PBXContainerItemProxy */ = {
			isa = PBXContainerItemProxy;
			containerPortal = CEDE1F5F28B688F8008DD78A /* Project object */;
			proxyType = 1;
			remoteGlobalIDString = CEDE1F6628B688F8008DD78A;
			remoteInfo = "Cubic Calculator";
		};
		CEDE1F8728B688FA008DD78A /* PBXContainerItemProxy */ = {
			isa = PBXContainerItemProxy;
			containerPortal = CEDE1F5F28B688F8008DD78A /* Project object */;
			proxyType = 1;
			remoteGlobalIDString = CEDE1F6628B688F8008DD78A;
			remoteInfo = "Cubic Calculator";
		};
/* End PBXContainerItemProxy section */

/* Begin PBXFileReference section */
		CE0E398128BE32D8005185FD /* TextCubicMeters.swift */ = {isa = PBXFileReference; lastKnownFileType = sourcecode.swift; path = TextCubicMeters.swift; sourceTree = "<group>"; };
		CE202ED32994092000C842DA /* Utils.swift */ = {isa = PBXFileReference; lastKnownFileType = sourcecode.swift; path = Utils.swift; sourceTree = "<group>"; };
		CE372D3F2907EB3900E80566 /* String.swift */ = {isa = PBXFileReference; lastKnownFileType = sourcecode.swift; path = String.swift; sourceTree = "<group>"; };
		CE7BB22E28B7969900057913 /* SummationDataService.swift */ = {isa = PBXFileReference; lastKnownFileType = sourcecode.swift; path = SummationDataService.swift; sourceTree = "<group>"; };
		CE7BB23028B7A47700057913 /* CalculatorViewModel.swift */ = {isa = PBXFileReference; lastKnownFileType = sourcecode.swift; path = CalculatorViewModel.swift; sourceTree = "<group>"; };
		CE9F69B728BE189600EFA3C5 /* NumberValidatorState.swift */ = {isa = PBXFileReference; lastKnownFileType = sourcecode.swift; path = NumberValidatorState.swift; sourceTree = "<group>"; };
		CE9F69BE28BE1CFF00EFA3C5 /* en */ = {isa = PBXFileReference; lastKnownFileType = text.plist.strings; name = en; path = en.lproj/Localizable.strings; sourceTree = "<group>"; };
		CE9F69C428BE207A00EFA3C5 /* NumberValidatorErrorView.swift */ = {isa = PBXFileReference; lastKnownFileType = sourcecode.swift; path = NumberValidatorErrorView.swift; sourceTree = "<group>"; };
		CE9F69C728BE2C7B00EFA3C5 /* Sequence+sum.swift */ = {isa = PBXFileReference; lastKnownFileType = sourcecode.swift; path = "Sequence+sum.swift"; sourceTree = "<group>"; };
		CE9F69C928BE2CCB00EFA3C5 /* SummationsListView.swift */ = {isa = PBXFileReference; lastKnownFileType = sourcecode.swift; path = SummationsListView.swift; sourceTree = "<group>"; };
		CEDE1F6728B688F8008DD78A /* Cubic Calculator.app */ = {isa = PBXFileReference; explicitFileType = wrapper.application; includeInIndex = 0; path = "Cubic Calculator.app"; sourceTree = BUILT_PRODUCTS_DIR; };
		CEDE1F6A28B688F8008DD78A /* Cubic_CalculatorApp.swift */ = {isa = PBXFileReference; lastKnownFileType = sourcecode.swift; path = Cubic_CalculatorApp.swift; sourceTree = "<group>"; };
		CEDE1F6C28B688F8008DD78A /* CalculatorView.swift */ = {isa = PBXFileReference; lastKnownFileType = sourcecode.swift; path = CalculatorView.swift; sourceTree = "<group>"; };
		CEDE1F6E28B688FA008DD78A /* Assets.xcassets */ = {isa = PBXFileReference; lastKnownFileType = folder.assetcatalog; path = Assets.xcassets; sourceTree = "<group>"; };
		CEDE1F7C28B688FA008DD78A /* Cubic CalculatorTests.xctest */ = {isa = PBXFileReference; explicitFileType = wrapper.cfbundle; includeInIndex = 0; path = "Cubic CalculatorTests.xctest"; sourceTree = BUILT_PRODUCTS_DIR; };
		CEDE1F8028B688FA008DD78A /* Cubic_CalculatorTests.swift */ = {isa = PBXFileReference; lastKnownFileType = sourcecode.swift; path = Cubic_CalculatorTests.swift; sourceTree = "<group>"; };
		CEDE1F8628B688FA008DD78A /* Cubic CalculatorUITests.xctest */ = {isa = PBXFileReference; explicitFileType = wrapper.cfbundle; includeInIndex = 0; path = "Cubic CalculatorUITests.xctest"; sourceTree = BUILT_PRODUCTS_DIR; };
		CEDE1F8A28B688FA008DD78A /* Cubic_CalculatorUITests.swift */ = {isa = PBXFileReference; lastKnownFileType = sourcecode.swift; path = Cubic_CalculatorUITests.swift; sourceTree = "<group>"; };
		CEDE1F8C28B688FA008DD78A /* Cubic_CalculatorUITestsLaunchTests.swift */ = {isa = PBXFileReference; lastKnownFileType = sourcecode.swift; path = Cubic_CalculatorUITestsLaunchTests.swift; sourceTree = "<group>"; };
		CEDE1F9F28B68A47008DD78A /* BasicTextField.swift */ = {isa = PBXFileReference; lastKnownFileType = sourcecode.swift; path = BasicTextField.swift; sourceTree = "<group>"; };
		CEDE1FAB28B7577C008DD78A /* Summation.xcdatamodel */ = {isa = PBXFileReference; lastKnownFileType = wrapper.xcdatamodel; path = Summation.xcdatamodel; sourceTree = "<group>"; };
/* End PBXFileReference section */

/* Begin PBXFrameworksBuildPhase section */
		CEDE1F6428B688F8008DD78A /* Frameworks */ = {
			isa = PBXFrameworksBuildPhase;
			buildActionMask = 2147483647;
			files = (
				CE202ECE299407A900C842DA /* RswiftLibrary in Frameworks */,
			);
			runOnlyForDeploymentPostprocessing = 0;
		};
		CEDE1F7928B688FA008DD78A /* Frameworks */ = {
			isa = PBXFrameworksBuildPhase;
			buildActionMask = 2147483647;
			files = (
			);
			runOnlyForDeploymentPostprocessing = 0;
		};
		CEDE1F8328B688FA008DD78A /* Frameworks */ = {
			isa = PBXFrameworksBuildPhase;
			buildActionMask = 2147483647;
			files = (
			);
			runOnlyForDeploymentPostprocessing = 0;
		};
/* End PBXFrameworksBuildPhase section */

/* Begin PBXGroup section */
		CE372D3D2907E88100E80566 /* UI */ = {
			isa = PBXGroup;
			children = (
				CEDE1F9928B689E4008DD78A /* Components */,
				CE372D3E2907E88600E80566 /* Main */,
			);
			path = UI;
			sourceTree = "<group>";
		};
		CE372D3E2907E88600E80566 /* Main */ = {
			isa = PBXGroup;
			children = (
				CEDE1F6C28B688F8008DD78A /* CalculatorView.swift */,
				CE7BB23028B7A47700057913 /* CalculatorViewModel.swift */,
			);
			path = Main;
			sourceTree = "<group>";
		};
		CE372D412907F06F00E80566 /* Data */ = {
			isa = PBXGroup;
			children = (
				CEDE1FAA28B7577C008DD78A /* Summation.xcdatamodeld */,
			);
			path = Data;
			sourceTree = "<group>";
		};
		CE7BB22D28B7967B00057913 /* Services */ = {
			isa = PBXGroup;
			children = (
				CE7BB22E28B7969900057913 /* SummationDataService.swift */,
			);
			path = Services;
			sourceTree = "<group>";
		};
		CE9F69B628BE188900EFA3C5 /* Model */ = {
			isa = PBXGroup;
			children = (
				CE9F69B728BE189600EFA3C5 /* NumberValidatorState.swift */,
			);
			path = Model;
			sourceTree = "<group>";
		};
		CE9F69B928BE1B7E00EFA3C5 /* Resources */ = {
			isa = PBXGroup;
			children = (
				CE9F69BF28BE1CFF00EFA3C5 /* Localizable.strings */,
			);
			path = Resources;
			sourceTree = "<group>";
		};
		CE9F69C628BE2C6A00EFA3C5 /* Extensions */ = {
			isa = PBXGroup;
			children = (
				CE9F69C728BE2C7B00EFA3C5 /* Sequence+sum.swift */,
				CE372D3F2907EB3900E80566 /* String.swift */,
			);
			path = Extensions;
			sourceTree = "<group>";
		};
		CE9F69CB28BE32A700EFA3C5 /* Texts */ = {
			isa = PBXGroup;
			children = (
				CE0E398128BE32D8005185FD /* TextCubicMeters.swift */,
			);
			path = Texts;
			sourceTree = "<group>";
		};
		CEDE1F5E28B688F8008DD78A = {
			isa = PBXGroup;
			children = (
				CEDE1F6928B688F8008DD78A /* Cubic Calculator */,
				CEDE1F7F28B688FA008DD78A /* Cubic CalculatorTests */,
				CEDE1F8928B688FA008DD78A /* Cubic CalculatorUITests */,
				CEDE1F6828B688F8008DD78A /* Products */,
			);
			sourceTree = "<group>";
		};
		CEDE1F6828B688F8008DD78A /* Products */ = {
			isa = PBXGroup;
			children = (
				CEDE1F6728B688F8008DD78A /* Cubic Calculator.app */,
				CEDE1F7C28B688FA008DD78A /* Cubic CalculatorTests.xctest */,
				CEDE1F8628B688FA008DD78A /* Cubic CalculatorUITests.xctest */,
			);
			name = Products;
			sourceTree = "<group>";
		};
		CEDE1F6928B688F8008DD78A /* Cubic Calculator */ = {
			isa = PBXGroup;
			children = (
				CE9F69B928BE1B7E00EFA3C5 /* Resources */,
				CEDE1F9A28B689EE008DD78A /* Helpers */,
				CE9F69B628BE188900EFA3C5 /* Model */,
				CE372D412907F06F00E80566 /* Data */,
				CE7BB22D28B7967B00057913 /* Services */,
				CE372D3D2907E88100E80566 /* UI */,
				CEDE1F6A28B688F8008DD78A /* Cubic_CalculatorApp.swift */,
				CEDE1F6E28B688FA008DD78A /* Assets.xcassets */,
			);
			path = "Cubic Calculator";
			sourceTree = "<group>";
		};
		CEDE1F7F28B688FA008DD78A /* Cubic CalculatorTests */ = {
			isa = PBXGroup;
			children = (
				CEDE1F8028B688FA008DD78A /* Cubic_CalculatorTests.swift */,
			);
			path = "Cubic CalculatorTests";
			sourceTree = "<group>";
		};
		CEDE1F8928B688FA008DD78A /* Cubic CalculatorUITests */ = {
			isa = PBXGroup;
			children = (
				CEDE1F8A28B688FA008DD78A /* Cubic_CalculatorUITests.swift */,
				CEDE1F8C28B688FA008DD78A /* Cubic_CalculatorUITestsLaunchTests.swift */,
			);
			path = "Cubic CalculatorUITests";
			sourceTree = "<group>";
		};
		CEDE1F9928B689E4008DD78A /* Components */ = {
			isa = PBXGroup;
			children = (
				CE9F69CB28BE32A700EFA3C5 /* Texts */,
				CEDE1F9E28B68A28008DD78A /* Others */,
				CEDE1F9C28B68A17008DD78A /* EditTextFields */,
			);
			path = Components;
			sourceTree = "<group>";
		};
		CEDE1F9A28B689EE008DD78A /* Helpers */ = {
			isa = PBXGroup;
			children = (
				CE9F69C628BE2C6A00EFA3C5 /* Extensions */,
				CE202ED32994092000C842DA /* Utils.swift */,
			);
			path = Helpers;
			sourceTree = "<group>";
		};
		CEDE1F9C28B68A17008DD78A /* EditTextFields */ = {
			isa = PBXGroup;
			children = (
				CEDE1F9F28B68A47008DD78A /* BasicTextField.swift */,
			);
			path = EditTextFields;
			sourceTree = "<group>";
		};
		CEDE1F9E28B68A28008DD78A /* Others */ = {
			isa = PBXGroup;
			children = (
				CE9F69C428BE207A00EFA3C5 /* NumberValidatorErrorView.swift */,
				CE9F69C928BE2CCB00EFA3C5 /* SummationsListView.swift */,
			);
			path = Others;
			sourceTree = "<group>";
		};
/* End PBXGroup section */

/* Begin PBXNativeTarget section */
		CEDE1F6628B688F8008DD78A /* Cubic Calculator */ = {
			isa = PBXNativeTarget;
			buildConfigurationList = CEDE1F9028B688FA008DD78A /* Build configuration list for PBXNativeTarget "Cubic Calculator" */;
			buildPhases = (
				CEDE1F6328B688F8008DD78A /* Sources */,
				CEDE1F6428B688F8008DD78A /* Frameworks */,
				CEDE1F6528B688F8008DD78A /* Resources */,
				CE202EDA29940D8300C842DA /* SwiftLint */,
			);
			buildRules = (
			);
			dependencies = (
				CE202ED0299407BB00C842DA /* PBXTargetDependency */,
			);
			name = "Cubic Calculator";
			packageProductDependencies = (
				CE202ECD299407A900C842DA /* RswiftLibrary */,
			);
			productName = "Cubic Calculator";
			productReference = CEDE1F6728B688F8008DD78A /* Cubic Calculator.app */;
			productType = "com.apple.product-type.application";
		};
		CEDE1F7B28B688FA008DD78A /* Cubic CalculatorTests */ = {
			isa = PBXNativeTarget;
			buildConfigurationList = CEDE1F9328B688FA008DD78A /* Build configuration list for PBXNativeTarget "Cubic CalculatorTests" */;
			buildPhases = (
				CEDE1F7828B688FA008DD78A /* Sources */,
				CEDE1F7928B688FA008DD78A /* Frameworks */,
				CEDE1F7A28B688FA008DD78A /* Resources */,
			);
			buildRules = (
			);
			dependencies = (
				CEDE1F7E28B688FA008DD78A /* PBXTargetDependency */,
			);
			name = "Cubic CalculatorTests";
			productName = "Cubic CalculatorTests";
			productReference = CEDE1F7C28B688FA008DD78A /* Cubic CalculatorTests.xctest */;
			productType = "com.apple.product-type.bundle.unit-test";
		};
		CEDE1F8528B688FA008DD78A /* Cubic CalculatorUITests */ = {
			isa = PBXNativeTarget;
			buildConfigurationList = CEDE1F9628B688FA008DD78A /* Build configuration list for PBXNativeTarget "Cubic CalculatorUITests" */;
			buildPhases = (
				CEDE1F8228B688FA008DD78A /* Sources */,
				CEDE1F8328B688FA008DD78A /* Frameworks */,
				CEDE1F8428B688FA008DD78A /* Resources */,
			);
			buildRules = (
			);
			dependencies = (
				CEDE1F8828B688FA008DD78A /* PBXTargetDependency */,
			);
			name = "Cubic CalculatorUITests";
			productName = "Cubic CalculatorUITests";
			productReference = CEDE1F8628B688FA008DD78A /* Cubic CalculatorUITests.xctest */;
			productType = "com.apple.product-type.bundle.ui-testing";
		};
/* End PBXNativeTarget section */

/* Begin PBXProject section */
		CEDE1F5F28B688F8008DD78A /* Project object */ = {
			isa = PBXProject;
			attributes = {
				BuildIndependentTargetsInParallel = 1;
				LastSwiftUpdateCheck = 1340;
				LastUpgradeCheck = 1340;
				TargetAttributes = {
					CEDE1F6628B688F8008DD78A = {
						CreatedOnToolsVersion = 13.4.1;
					};
					CEDE1F7B28B688FA008DD78A = {
						CreatedOnToolsVersion = 13.4.1;
						TestTargetID = CEDE1F6628B688F8008DD78A;
					};
					CEDE1F8528B688FA008DD78A = {
						CreatedOnToolsVersion = 13.4.1;
						TestTargetID = CEDE1F6628B688F8008DD78A;
					};
				};
			};
			buildConfigurationList = CEDE1F6228B688F8008DD78A /* Build configuration list for PBXProject "Cubic Calculator" */;
			compatibilityVersion = "Xcode 13.0";
			developmentRegion = en;
			hasScannedForEncodings = 0;
			knownRegions = (
				en,
				Base,
			);
			mainGroup = CEDE1F5E28B688F8008DD78A;
			packageReferences = (
				CE202ECC299407A900C842DA /* XCRemoteSwiftPackageReference "R.swift" */,
			);
			productRefGroup = CEDE1F6828B688F8008DD78A /* Products */;
			projectDirPath = "";
			projectRoot = "";
			targets = (
				CEDE1F6628B688F8008DD78A /* Cubic Calculator */,
				CEDE1F7B28B688FA008DD78A /* Cubic CalculatorTests */,
				CEDE1F8528B688FA008DD78A /* Cubic CalculatorUITests */,
			);
		};
/* End PBXProject section */

/* Begin PBXResourcesBuildPhase section */
		CEDE1F6528B688F8008DD78A /* Resources */ = {
			isa = PBXResourcesBuildPhase;
			buildActionMask = 2147483647;
			files = (
				CEDE1F6F28B688FA008DD78A /* Assets.xcassets in Resources */,
				CE9F69BD28BE1CFF00EFA3C5 /* Localizable.strings in Resources */,
			);
			runOnlyForDeploymentPostprocessing = 0;
		};
		CEDE1F7A28B688FA008DD78A /* Resources */ = {
			isa = PBXResourcesBuildPhase;
			buildActionMask = 2147483647;
			files = (
			);
			runOnlyForDeploymentPostprocessing = 0;
		};
		CEDE1F8428B688FA008DD78A /* Resources */ = {
			isa = PBXResourcesBuildPhase;
			buildActionMask = 2147483647;
			files = (
			);
			runOnlyForDeploymentPostprocessing = 0;
		};
/* End PBXResourcesBuildPhase section */

/* Begin PBXShellScriptBuildPhase section */
		CE202EDA29940D8300C842DA /* SwiftLint */ = {
			isa = PBXShellScriptBuildPhase;
			alwaysOutOfDate = 1;
			buildActionMask = 2147483647;
			files = (
			);
			inputFileListPaths = (
			);
			inputPaths = (
			);
			name = SwiftLint;
			outputFileListPaths = (
			);
			outputPaths = (
			);
			runOnlyForDeploymentPostprocessing = 0;
			shellPath = /bin/sh;
			shellScript = "export PATH=\"$PATH:/opt/homebrew/bin\"\nif which swiftlint > /dev/null; then\n  swiftlint\nelse\n  echo \"warning: SwiftLint not installed, download from https://github.com/realm/SwiftLint\"\nfi\n";
		};
/* End PBXShellScriptBuildPhase section */

/* Begin PBXSourcesBuildPhase section */
		CEDE1F6328B688F8008DD78A /* Sources */ = {
			isa = PBXSourcesBuildPhase;
			buildActionMask = 2147483647;
			files = (
				CE7BB22F28B7969900057913 /* SummationDataService.swift in Sources */,
				CE7BB23128B7A47700057913 /* CalculatorViewModel.swift in Sources */,
				CE202ED42994092000C842DA /* Utils.swift in Sources */,
				CEDE1F6D28B688F8008DD78A /* CalculatorView.swift in Sources */,
				CE0E398228BE32D8005185FD /* TextCubicMeters.swift in Sources */,
				CE372D402907EB3900E80566 /* String.swift in Sources */,
				CEDE1FAC28B7577C008DD78A /* Summation.xcdatamodeld in Sources */,
				CE9F69B828BE189600EFA3C5 /* NumberValidatorState.swift in Sources */,
				CE9F69CA28BE2CCB00EFA3C5 /* SummationsListView.swift in Sources */,
				CE9F69C528BE207A00EFA3C5 /* NumberValidatorErrorView.swift in Sources */,
				CEDE1F6B28B688F8008DD78A /* Cubic_CalculatorApp.swift in Sources */,
				CE9F69C828BE2C7B00EFA3C5 /* Sequence+sum.swift in Sources */,
				CEDE1FA028B68A47008DD78A /* BasicTextField.swift in Sources */,
			);
			runOnlyForDeploymentPostprocessing = 0;
		};
		CEDE1F7828B688FA008DD78A /* Sources */ = {
			isa = PBXSourcesBuildPhase;
			buildActionMask = 2147483647;
			files = (
				CEDE1F8128B688FA008DD78A /* Cubic_CalculatorTests.swift in Sources */,
			);
			runOnlyForDeploymentPostprocessing = 0;
		};
		CEDE1F8228B688FA008DD78A /* Sources */ = {
			isa = PBXSourcesBuildPhase;
			buildActionMask = 2147483647;
			files = (
				CEDE1F8B28B688FA008DD78A /* Cubic_CalculatorUITests.swift in Sources */,
				CEDE1F8D28B688FA008DD78A /* Cubic_CalculatorUITestsLaunchTests.swift in Sources */,
			);
			runOnlyForDeploymentPostprocessing = 0;
		};
/* End PBXSourcesBuildPhase section */

/* Begin PBXTargetDependency section */
		CE202ED0299407BB00C842DA /* PBXTargetDependency */ = {
			isa = PBXTargetDependency;
			productRef = CE202ECF299407BB00C842DA /* RswiftGenerateInternalResources */;
		};
		CEDE1F7E28B688FA008DD78A /* PBXTargetDependency */ = {
			isa = PBXTargetDependency;
			target = CEDE1F6628B688F8008DD78A /* Cubic Calculator */;
			targetProxy = CEDE1F7D28B688FA008DD78A /* PBXContainerItemProxy */;
		};
		CEDE1F8828B688FA008DD78A /* PBXTargetDependency */ = {
			isa = PBXTargetDependency;
			target = CEDE1F6628B688F8008DD78A /* Cubic Calculator */;
			targetProxy = CEDE1F8728B688FA008DD78A /* PBXContainerItemProxy */;
		};
/* End PBXTargetDependency section */

/* Begin PBXVariantGroup section */
		CE9F69BF28BE1CFF00EFA3C5 /* Localizable.strings */ = {
			isa = PBXVariantGroup;
			children = (
				CE9F69BE28BE1CFF00EFA3C5 /* en */,
			);
			name = Localizable.strings;
			sourceTree = "<group>";
		};
/* End PBXVariantGroup section */

/* Begin XCBuildConfiguration section */
		CEDE1F8E28B688FA008DD78A /* Debug */ = {
			isa = XCBuildConfiguration;
			buildSettings = {
				ALWAYS_SEARCH_USER_PATHS = NO;
				CLANG_ANALYZER_NONNULL = YES;
				CLANG_ANALYZER_NUMBER_OBJECT_CONVERSION = YES_AGGRESSIVE;
				CLANG_CXX_LANGUAGE_STANDARD = "gnu++17";
				CLANG_ENABLE_MODULES = YES;
				CLANG_ENABLE_OBJC_ARC = YES;
				CLANG_ENABLE_OBJC_WEAK = YES;
				CLANG_WARN_BLOCK_CAPTURE_AUTORELEASING = YES;
				CLANG_WARN_BOOL_CONVERSION = YES;
				CLANG_WARN_COMMA = YES;
				CLANG_WARN_CONSTANT_CONVERSION = YES;
				CLANG_WARN_DEPRECATED_OBJC_IMPLEMENTATIONS = YES;
				CLANG_WARN_DIRECT_OBJC_ISA_USAGE = YES_ERROR;
				CLANG_WARN_DOCUMENTATION_COMMENTS = YES;
				CLANG_WARN_EMPTY_BODY = YES;
				CLANG_WARN_ENUM_CONVERSION = YES;
				CLANG_WARN_INFINITE_RECURSION = YES;
				CLANG_WARN_INT_CONVERSION = YES;
				CLANG_WARN_NON_LITERAL_NULL_CONVERSION = YES;
				CLANG_WARN_OBJC_IMPLICIT_RETAIN_SELF = YES;
				CLANG_WARN_OBJC_LITERAL_CONVERSION = YES;
				CLANG_WARN_OBJC_ROOT_CLASS = YES_ERROR;
				CLANG_WARN_QUOTED_INCLUDE_IN_FRAMEWORK_HEADER = YES;
				CLANG_WARN_RANGE_LOOP_ANALYSIS = YES;
				CLANG_WARN_STRICT_PROTOTYPES = YES;
				CLANG_WARN_SUSPICIOUS_MOVE = YES;
				CLANG_WARN_UNGUARDED_AVAILABILITY = YES_AGGRESSIVE;
				CLANG_WARN_UNREACHABLE_CODE = YES;
				CLANG_WARN__DUPLICATE_METHOD_MATCH = YES;
				COPY_PHASE_STRIP = NO;
				DEBUG_INFORMATION_FORMAT = dwarf;
				ENABLE_STRICT_OBJC_MSGSEND = YES;
				ENABLE_TESTABILITY = YES;
				GCC_C_LANGUAGE_STANDARD = gnu11;
				GCC_DYNAMIC_NO_PIC = NO;
				GCC_NO_COMMON_BLOCKS = YES;
				GCC_OPTIMIZATION_LEVEL = 0;
				GCC_PREPROCESSOR_DEFINITIONS = (
					"DEBUG=1",
					"$(inherited)",
				);
				GCC_WARN_64_TO_32_BIT_CONVERSION = YES;
				GCC_WARN_ABOUT_RETURN_TYPE = YES_ERROR;
				GCC_WARN_UNDECLARED_SELECTOR = YES;
				GCC_WARN_UNINITIALIZED_AUTOS = YES_AGGRESSIVE;
				GCC_WARN_UNUSED_FUNCTION = YES;
				GCC_WARN_UNUSED_VARIABLE = YES;
				IPHONEOS_DEPLOYMENT_TARGET = 15.5;
				MTL_ENABLE_DEBUG_INFO = INCLUDE_SOURCE;
				MTL_FAST_MATH = YES;
				ONLY_ACTIVE_ARCH = YES;
				SDKROOT = iphoneos;
				SWIFT_ACTIVE_COMPILATION_CONDITIONS = DEBUG;
				SWIFT_OPTIMIZATION_LEVEL = "-Onone";
			};
			name = Debug;
		};
		CEDE1F8F28B688FA008DD78A /* Release */ = {
			isa = XCBuildConfiguration;
			buildSettings = {
				ALWAYS_SEARCH_USER_PATHS = NO;
				CLANG_ANALYZER_NONNULL = YES;
				CLANG_ANALYZER_NUMBER_OBJECT_CONVERSION = YES_AGGRESSIVE;
				CLANG_CXX_LANGUAGE_STANDARD = "gnu++17";
				CLANG_ENABLE_MODULES = YES;
				CLANG_ENABLE_OBJC_ARC = YES;
				CLANG_ENABLE_OBJC_WEAK = YES;
				CLANG_WARN_BLOCK_CAPTURE_AUTORELEASING = YES;
				CLANG_WARN_BOOL_CONVERSION = YES;
				CLANG_WARN_COMMA = YES;
				CLANG_WARN_CONSTANT_CONVERSION = YES;
				CLANG_WARN_DEPRECATED_OBJC_IMPLEMENTATIONS = YES;
				CLANG_WARN_DIRECT_OBJC_ISA_USAGE = YES_ERROR;
				CLANG_WARN_DOCUMENTATION_COMMENTS = YES;
				CLANG_WARN_EMPTY_BODY = YES;
				CLANG_WARN_ENUM_CONVERSION = YES;
				CLANG_WARN_INFINITE_RECURSION = YES;
				CLANG_WARN_INT_CONVERSION = YES;
				CLANG_WARN_NON_LITERAL_NULL_CONVERSION = YES;
				CLANG_WARN_OBJC_IMPLICIT_RETAIN_SELF = YES;
				CLANG_WARN_OBJC_LITERAL_CONVERSION = YES;
				CLANG_WARN_OBJC_ROOT_CLASS = YES_ERROR;
				CLANG_WARN_QUOTED_INCLUDE_IN_FRAMEWORK_HEADER = YES;
				CLANG_WARN_RANGE_LOOP_ANALYSIS = YES;
				CLANG_WARN_STRICT_PROTOTYPES = YES;
				CLANG_WARN_SUSPICIOUS_MOVE = YES;
				CLANG_WARN_UNGUARDED_AVAILABILITY = YES_AGGRESSIVE;
				CLANG_WARN_UNREACHABLE_CODE = YES;
				CLANG_WARN__DUPLICATE_METHOD_MATCH = YES;
				COPY_PHASE_STRIP = NO;
				DEBUG_INFORMATION_FORMAT = "dwarf-with-dsym";
				ENABLE_NS_ASSERTIONS = NO;
				ENABLE_STRICT_OBJC_MSGSEND = YES;
				GCC_C_LANGUAGE_STANDARD = gnu11;
				GCC_NO_COMMON_BLOCKS = YES;
				GCC_WARN_64_TO_32_BIT_CONVERSION = YES;
				GCC_WARN_ABOUT_RETURN_TYPE = YES_ERROR;
				GCC_WARN_UNDECLARED_SELECTOR = YES;
				GCC_WARN_UNINITIALIZED_AUTOS = YES_AGGRESSIVE;
				GCC_WARN_UNUSED_FUNCTION = YES;
				GCC_WARN_UNUSED_VARIABLE = YES;
				IPHONEOS_DEPLOYMENT_TARGET = 15.5;
				MTL_ENABLE_DEBUG_INFO = NO;
				MTL_FAST_MATH = YES;
				SDKROOT = iphoneos;
				SWIFT_COMPILATION_MODE = wholemodule;
				SWIFT_OPTIMIZATION_LEVEL = "-O";
				VALIDATE_PRODUCT = YES;
			};
			name = Release;
		};
		CEDE1F9128B688FA008DD78A /* Debug */ = {
			isa = XCBuildConfiguration;
			buildSettings = {
				ASSETCATALOG_COMPILER_APPICON_NAME = AppIcon;
				ASSETCATALOG_COMPILER_GLOBAL_ACCENT_COLOR_NAME = AccentColor;
				CODE_SIGN_STYLE = Automatic;
				CURRENT_PROJECT_VERSION = 1;
				DEVELOPMENT_TEAM = 59LC6PAR59;
				ENABLE_PREVIEWS = YES;
				GENERATE_INFOPLIST_FILE = YES;
				INFOPLIST_KEY_UIApplicationSceneManifest_Generation = YES;
				INFOPLIST_KEY_UIApplicationSupportsIndirectInputEvents = YES;
				INFOPLIST_KEY_UILaunchScreen_Generation = YES;
				INFOPLIST_KEY_UISupportedInterfaceOrientations_iPad = "UIInterfaceOrientationPortrait UIInterfaceOrientationPortraitUpsideDown UIInterfaceOrientationLandscapeLeft UIInterfaceOrientationLandscapeRight";
				INFOPLIST_KEY_UISupportedInterfaceOrientations_iPhone = "UIInterfaceOrientationPortrait UIInterfaceOrientationLandscapeLeft UIInterfaceOrientationLandscapeRight";
				LD_RUNPATH_SEARCH_PATHS = (
					"$(inherited)",
					"@executable_path/Frameworks",
				);
				MARKETING_VERSION = 1.0;
				PRODUCT_BUNDLE_IDENTIFIER = "somnisostudio.Cubic-Calculator";
				PRODUCT_NAME = "$(TARGET_NAME)";
				SWIFT_EMIT_LOC_STRINGS = YES;
				SWIFT_VERSION = 5.0;
				TARGETED_DEVICE_FAMILY = "1,2";
			};
			name = Debug;
		};
		CEDE1F9228B688FA008DD78A /* Release */ = {
			isa = XCBuildConfiguration;
			buildSettings = {
				ASSETCATALOG_COMPILER_APPICON_NAME = AppIcon;
				ASSETCATALOG_COMPILER_GLOBAL_ACCENT_COLOR_NAME = AccentColor;
				CODE_SIGN_STYLE = Automatic;
				CURRENT_PROJECT_VERSION = 1;
				DEVELOPMENT_TEAM = 59LC6PAR59;
				ENABLE_PREVIEWS = YES;
				GENERATE_INFOPLIST_FILE = YES;
				INFOPLIST_KEY_UIApplicationSceneManifest_Generation = YES;
				INFOPLIST_KEY_UIApplicationSupportsIndirectInputEvents = YES;
				INFOPLIST_KEY_UILaunchScreen_Generation = YES;
				INFOPLIST_KEY_UISupportedInterfaceOrientations_iPad = "UIInterfaceOrientationPortrait UIInterfaceOrientationPortraitUpsideDown UIInterfaceOrientationLandscapeLeft UIInterfaceOrientationLandscapeRight";
				INFOPLIST_KEY_UISupportedInterfaceOrientations_iPhone = "UIInterfaceOrientationPortrait UIInterfaceOrientationLandscapeLeft UIInterfaceOrientationLandscapeRight";
				LD_RUNPATH_SEARCH_PATHS = (
					"$(inherited)",
					"@executable_path/Frameworks",
				);
				MARKETING_VERSION = 1.0;
				PRODUCT_BUNDLE_IDENTIFIER = "somnisostudio.Cubic-Calculator";
				PRODUCT_NAME = "$(TARGET_NAME)";
				SWIFT_EMIT_LOC_STRINGS = YES;
				SWIFT_VERSION = 5.0;
				TARGETED_DEVICE_FAMILY = "1,2";
			};
			name = Release;
		};
		CEDE1F9428B688FA008DD78A /* Debug */ = {
			isa = XCBuildConfiguration;
			buildSettings = {
				ALWAYS_EMBED_SWIFT_STANDARD_LIBRARIES = YES;
				BUNDLE_LOADER = "$(TEST_HOST)";
				CODE_SIGN_STYLE = Automatic;
				CURRENT_PROJECT_VERSION = 1;
				DEVELOPMENT_TEAM = 59LC6PAR59;
				GENERATE_INFOPLIST_FILE = YES;
				IPHONEOS_DEPLOYMENT_TARGET = 15.5;
				MARKETING_VERSION = 1.0;
				PRODUCT_BUNDLE_IDENTIFIER = "somnisostudio.Cubic-CalculatorTests";
				PRODUCT_NAME = "$(TARGET_NAME)";
				SWIFT_EMIT_LOC_STRINGS = NO;
				SWIFT_VERSION = 5.0;
				TARGETED_DEVICE_FAMILY = "1,2";
				TEST_HOST = "$(BUILT_PRODUCTS_DIR)/Cubic Calculator.app/Cubic Calculator";
			};
			name = Debug;
		};
		CEDE1F9528B688FA008DD78A /* Release */ = {
			isa = XCBuildConfiguration;
			buildSettings = {
				ALWAYS_EMBED_SWIFT_STANDARD_LIBRARIES = YES;
				BUNDLE_LOADER = "$(TEST_HOST)";
				CODE_SIGN_STYLE = Automatic;
				CURRENT_PROJECT_VERSION = 1;
				DEVELOPMENT_TEAM = 59LC6PAR59;
				GENERATE_INFOPLIST_FILE = YES;
				IPHONEOS_DEPLOYMENT_TARGET = 15.5;
				MARKETING_VERSION = 1.0;
				PRODUCT_BUNDLE_IDENTIFIER = "somnisostudio.Cubic-CalculatorTests";
				PRODUCT_NAME = "$(TARGET_NAME)";
				SWIFT_EMIT_LOC_STRINGS = NO;
				SWIFT_VERSION = 5.0;
				TARGETED_DEVICE_FAMILY = "1,2";
				TEST_HOST = "$(BUILT_PRODUCTS_DIR)/Cubic Calculator.app/Cubic Calculator";
			};
			name = Release;
		};
		CEDE1F9728B688FA008DD78A /* Debug */ = {
			isa = XCBuildConfiguration;
			buildSettings = {
				ALWAYS_EMBED_SWIFT_STANDARD_LIBRARIES = YES;
				CODE_SIGN_STYLE = Automatic;
				CURRENT_PROJECT_VERSION = 1;
				DEVELOPMENT_TEAM = 59LC6PAR59;
				GENERATE_INFOPLIST_FILE = YES;
				MARKETING_VERSION = 1.0;
				PRODUCT_BUNDLE_IDENTIFIER = "somnisostudio.Cubic-CalculatorUITests";
				PRODUCT_NAME = "$(TARGET_NAME)";
				SWIFT_EMIT_LOC_STRINGS = NO;
				SWIFT_VERSION = 5.0;
				TARGETED_DEVICE_FAMILY = "1,2";
				TEST_TARGET_NAME = "Cubic Calculator";
			};
			name = Debug;
		};
		CEDE1F9828B688FA008DD78A /* Release */ = {
			isa = XCBuildConfiguration;
			buildSettings = {
				ALWAYS_EMBED_SWIFT_STANDARD_LIBRARIES = YES;
				CODE_SIGN_STYLE = Automatic;
				CURRENT_PROJECT_VERSION = 1;
				DEVELOPMENT_TEAM = 59LC6PAR59;
				GENERATE_INFOPLIST_FILE = YES;
				MARKETING_VERSION = 1.0;
				PRODUCT_BUNDLE_IDENTIFIER = "somnisostudio.Cubic-CalculatorUITests";
				PRODUCT_NAME = "$(TARGET_NAME)";
				SWIFT_EMIT_LOC_STRINGS = NO;
				SWIFT_VERSION = 5.0;
				TARGETED_DEVICE_FAMILY = "1,2";
				TEST_TARGET_NAME = "Cubic Calculator";
			};
			name = Release;
		};
/* End XCBuildConfiguration section */

/* Begin XCConfigurationList section */
		CEDE1F6228B688F8008DD78A /* Build configuration list for PBXProject "Cubic Calculator" */ = {
			isa = XCConfigurationList;
			buildConfigurations = (
				CEDE1F8E28B688FA008DD78A /* Debug */,
				CEDE1F8F28B688FA008DD78A /* Release */,
			);
			defaultConfigurationIsVisible = 0;
			defaultConfigurationName = Release;
		};
		CEDE1F9028B688FA008DD78A /* Build configuration list for PBXNativeTarget "Cubic Calculator" */ = {
			isa = XCConfigurationList;
			buildConfigurations = (
				CEDE1F9128B688FA008DD78A /* Debug */,
				CEDE1F9228B688FA008DD78A /* Release */,
			);
			defaultConfigurationIsVisible = 0;
			defaultConfigurationName = Release;
		};
		CEDE1F9328B688FA008DD78A /* Build configuration list for PBXNativeTarget "Cubic CalculatorTests" */ = {
			isa = XCConfigurationList;
			buildConfigurations = (
				CEDE1F9428B688FA008DD78A /* Debug */,
				CEDE1F9528B688FA008DD78A /* Release */,
			);
			defaultConfigurationIsVisible = 0;
			defaultConfigurationName = Release;
		};
		CEDE1F9628B688FA008DD78A /* Build configuration list for PBXNativeTarget "Cubic CalculatorUITests" */ = {
			isa = XCConfigurationList;
			buildConfigurations = (
				CEDE1F9728B688FA008DD78A /* Debug */,
				CEDE1F9828B688FA008DD78A /* Release */,
			);
			defaultConfigurationIsVisible = 0;
			defaultConfigurationName = Release;
		};
/* End XCConfigurationList section */

/* Begin XCRemoteSwiftPackageReference section */
		CE202ECC299407A900C842DA /* XCRemoteSwiftPackageReference "R.swift" */ = {
			isa = XCRemoteSwiftPackageReference;
			repositoryURL = "https://github.com/mac-cain13/R.swift.git";
			requirement = {
				kind = upToNextMajorVersion;
				minimumVersion = 7.0.0;
			};
		};
/* End XCRemoteSwiftPackageReference section */

/* Begin XCSwiftPackageProductDependency section */
		CE202ECD299407A900C842DA /* RswiftLibrary */ = {
			isa = XCSwiftPackageProductDependency;
			package = CE202ECC299407A900C842DA /* XCRemoteSwiftPackageReference "R.swift" */;
			productName = RswiftLibrary;
		};
		CE202ECF299407BB00C842DA /* RswiftGenerateInternalResources */ = {
			isa = XCSwiftPackageProductDependency;
			productName = "plugin:RswiftGenerateInternalResources";
		};
/* End XCSwiftPackageProductDependency section */

/* Begin XCVersionGroup section */
		CEDE1FAA28B7577C008DD78A /* Summation.xcdatamodeld */ = {
			isa = XCVersionGroup;
			children = (
				CEDE1FAB28B7577C008DD78A /* Summation.xcdatamodel */,
			);
			currentVersion = CEDE1FAB28B7577C008DD78A /* Summation.xcdatamodel */;
			path = Summation.xcdatamodeld;
			sourceTree = "<group>";
			versionGroupType = wrapper.xcdatamodel;
		};
/* End XCVersionGroup section */
	};
	rootObject = CEDE1F5F28B688F8008DD78A /* Project object */;
}
